
Microsoft Visual Studio Solution File, Format Version 12.00
# Visual Studio Version 17
VisualStudioVersion = 17.0.31903.59
MinimumVisualStudioVersion = 10.0.40219.1
Project("{2150E333-8FDC-42A3-9474-1A3956D46DE8}") = "src", "src", "{827E0CD3-B72D-47B6-A68D-7590B98EB39B}"
EndProject
Project("{FAE04EC0-301F-11D3-BF4B-00C04F79EFBC}") = "Chat.Domain", "src\Chat.Domain\Chat.Domain.csproj", "{DB50DD82-4168-4CF4-9F58-DBC3B951B9B5}"
EndProject
Project("{FAE04EC0-301F-11D3-BF4B-00C04F79EFBC}") = "Chat.Application", "src\Chat.Application\Chat.Application.csproj", "{A69CD62F-87AB-4B2A-80A1-CB3665613F26}"
EndProject
Project("{FAE04EC0-301F-11D3-BF4B-00C04F79EFBC}") = "Chat.Infrastructure", "src\Chat.Infrastructure\Chat.Infrastructure.csproj", "{48106B62-4886-4CBD-933E-66BC15CD1A2A}"
EndProject
Project("{FAE04EC0-301F-11D3-BF4B-00C04F79EFBC}") = "Chat.Web", "src\Chat.Web\Chat.Web.csproj", "{38DB8914-3AB2-4484-AE2F-B281397F1719}"
EndProject
Project("{FAE04EC0-301F-11D3-BF4B-00C04F79EFBC}") = "Chat.Bot", "src\Chat.Bot\Chat.Bot.csproj", "{3C82FB5B-0A34-4257-9C61-55B8CD3B78C8}"
EndProject
Project("{2150E333-8FDC-42A3-9474-1A3956D46DE8}") = "tests", "tests", "{0AB3BF05-4346-4AA6-1389-037BE0695223}"
EndProject
Project("{FAE04EC0-301F-11D3-BF4B-00C04F79EFBC}") = "Chat.UnitTests", "tests\Chat.UnitTests\Chat.UnitTests.csproj", "{AA713089-7876-4F57-B060-1070580B78E1}"
EndProject
Project("{FAE04EC0-301F-11D3-BF4B-00C04F79EFBC}") = "Chat.IntegrationTests", "tests\Chat.IntegrationTests\Chat.IntegrationTests.csproj", "{35B7F39F-9289-45B1-B52A-5A0CCB0CF122}"
EndProject
Global
	GlobalSection(SolutionConfigurationPlatforms) = preSolution
		Debug|Any CPU = Debug|Any CPU
		Debug|x64 = Debug|x64
		Debug|x86 = Debug|x86
		Release|Any CPU = Release|Any CPU
		Release|x64 = Release|x64
		Release|x86 = Release|x86
	EndGlobalSection
	GlobalSection(ProjectConfigurationPlatforms) = postSolution
		{DB50DD82-4168-4CF4-9F58-DBC3B951B9B5}.Debug|Any CPU.ActiveCfg = Debug|Any CPU
		{DB50DD82-4168-4CF4-9F58-DBC3B951B9B5}.Debug|Any CPU.Build.0 = Debug|Any CPU
		{DB50DD82-4168-4CF4-9F58-DBC3B951B9B5}.Debug|x64.ActiveCfg = Debug|Any CPU
		{DB50DD82-4168-4CF4-9F58-DBC3B951B9B5}.Debug|x64.Build.0 = Debug|Any CPU
		{DB50DD82-4168-4CF4-9F58-DBC3B951B9B5}.Debug|x86.ActiveCfg = Debug|Any CPU
		{DB50DD82-4168-4CF4-9F58-DBC3B951B9B5}.Debug|x86.Build.0 = Debug|Any CPU
		{DB50DD82-4168-4CF4-9F58-DBC3B951B9B5}.Release|Any CPU.ActiveCfg = Release|Any CPU
		{DB50DD82-4168-4CF4-9F58-DBC3B951B9B5}.Release|Any CPU.Build.0 = Release|Any CPU
		{DB50DD82-4168-4CF4-9F58-DBC3B951B9B5}.Release|x64.ActiveCfg = Release|Any CPU
		{DB50DD82-4168-4CF4-9F58-DBC3B951B9B5}.Release|x64.Build.0 = Release|Any CPU
		{DB50DD82-4168-4CF4-9F58-DBC3B951B9B5}.Release|x86.ActiveCfg = Release|Any CPU
		{DB50DD82-4168-4CF4-9F58-DBC3B951B9B5}.Release|x86.Build.0 = Release|Any CPU
		{A69CD62F-87AB-4B2A-80A1-CB3665613F26}.Debug|Any CPU.ActiveCfg = Debug|Any CPU
		{A69CD62F-87AB-4B2A-80A1-CB3665613F26}.Debug|Any CPU.Build.0 = Debug|Any CPU
		{A69CD62F-87AB-4B2A-80A1-CB3665613F26}.Debug|x64.ActiveCfg = Debug|Any CPU
		{A69CD62F-87AB-4B2A-80A1-CB3665613F26}.Debug|x64.Build.0 = Debug|Any CPU
		{A69CD62F-87AB-4B2A-80A1-CB3665613F26}.Debug|x86.ActiveCfg = Debug|Any CPU
		{A69CD62F-87AB-4B2A-80A1-CB3665613F26}.Debug|x86.Build.0 = Debug|Any CPU
		{A69CD62F-87AB-4B2A-80A1-CB3665613F26}.Release|Any CPU.ActiveCfg = Release|Any CPU
		{A69CD62F-87AB-4B2A-80A1-CB3665613F26}.Release|Any CPU.Build.0 = Release|Any CPU
		{A69CD62F-87AB-4B2A-80A1-CB3665613F26}.Release|x64.ActiveCfg = Release|Any CPU
		{A69CD62F-87AB-4B2A-80A1-CB3665613F26}.Release|x64.Build.0 = Release|Any CPU
		{A69CD62F-87AB-4B2A-80A1-CB3665613F26}.Release|x86.ActiveCfg = Release|Any CPU
		{A69CD62F-87AB-4B2A-80A1-CB3665613F26}.Release|x86.Build.0 = Release|Any CPU
		{48106B62-4886-4CBD-933E-66BC15CD1A2A}.Debug|Any CPU.ActiveCfg = Debug|Any CPU
		{48106B62-4886-4CBD-933E-66BC15CD1A2A}.Debug|Any CPU.Build.0 = Debug|Any CPU
		{48106B62-4886-4CBD-933E-66BC15CD1A2A}.Debug|x64.ActiveCfg = Debug|Any CPU
		{48106B62-4886-4CBD-933E-66BC15CD1A2A}.Debug|x64.Build.0 = Debug|Any CPU
		{48106B62-4886-4CBD-933E-66BC15CD1A2A}.Debug|x86.ActiveCfg = Debug|Any CPU
		{48106B62-4886-4CBD-933E-66BC15CD1A2A}.Debug|x86.Build.0 = Debug|Any CPU
		{48106B62-4886-4CBD-933E-66BC15CD1A2A}.Release|Any CPU.ActiveCfg = Release|Any CPU
		{48106B62-4886-4CBD-933E-66BC15CD1A2A}.Release|Any CPU.Build.0 = Release|Any CPU
		{48106B62-4886-4CBD-933E-66BC15CD1A2A}.Release|x64.ActiveCfg = Release|Any CPU
		{48106B62-4886-4CBD-933E-66BC15CD1A2A}.Release|x64.Build.0 = Release|Any CPU
		{48106B62-4886-4CBD-933E-66BC15CD1A2A}.Release|x86.ActiveCfg = Release|Any CPU
		{48106B62-4886-4CBD-933E-66BC15CD1A2A}.Release|x86.Build.0 = Release|Any CPU
		{38DB8914-3AB2-4484-AE2F-B281397F1719}.Debug|Any CPU.ActiveCfg = Debug|Any CPU
		{38DB8914-3AB2-4484-AE2F-B281397F1719}.Debug|Any CPU.Build.0 = Debug|Any CPU
		{38DB8914-3AB2-4484-AE2F-B281397F1719}.Debug|x64.ActiveCfg = Debug|Any CPU
		{38DB8914-3AB2-4484-AE2F-B281397F1719}.Debug|x64.Build.0 = Debug|Any CPU
		{38DB8914-3AB2-4484-AE2F-B281397F1719}.Debug|x86.ActiveCfg = Debug|Any CPU
		{38DB8914-3AB2-4484-AE2F-B281397F1719}.Debug|x86.Build.0 = Debug|Any CPU
		{38DB8914-3AB2-4484-AE2F-B281397F1719}.Release|Any CPU.ActiveCfg = Release|Any CPU
		{38DB8914-3AB2-4484-AE2F-B281397F1719}.Release|Any CPU.Build.0 = Release|Any CPU
		{38DB8914-3AB2-4484-AE2F-B281397F1719}.Release|x64.ActiveCfg = Release|Any CPU
		{38DB8914-3AB2-4484-AE2F-B281397F1719}.Release|x64.Build.0 = Release|Any CPU
		{38DB8914-3AB2-4484-AE2F-B281397F1719}.Release|x86.ActiveCfg = Release|Any CPU
		{38DB8914-3AB2-4484-AE2F-B281397F1719}.Release|x86.Build.0 = Release|Any CPU
		{3C82FB5B-0A34-4257-9C61-55B8CD3B78C8}.Debug|Any CPU.ActiveCfg = Debug|Any CPU
		{3C82FB5B-0A34-4257-9C61-55B8CD3B78C8}.Debug|Any CPU.Build.0 = Debug|Any CPU
		{3C82FB5B-0A34-4257-9C61-55B8CD3B78C8}.Debug|x64.ActiveCfg = Debug|Any CPU
		{3C82FB5B-0A34-4257-9C61-55B8CD3B78C8}.Debug|x64.Build.0 = Debug|Any CPU
		{3C82FB5B-0A34-4257-9C61-55B8CD3B78C8}.Debug|x86.ActiveCfg = Debug|Any CPU
		{3C82FB5B-0A34-4257-9C61-55B8CD3B78C8}.Debug|x86.Build.0 = Debug|Any CPU
		{3C82FB5B-0A34-4257-9C61-55B8CD3B78C8}.Release|Any CPU.ActiveCfg = Release|Any CPU
		{3C82FB5B-0A34-4257-9C61-55B8CD3B78C8}.Release|Any CPU.Build.0 = Release|Any CPU
		{3C82FB5B-0A34-4257-9C61-55B8CD3B78C8}.Release|x64.ActiveCfg = Release|Any CPU
		{3C82FB5B-0A34-4257-9C61-55B8CD3B78C8}.Release|x64.Build.0 = Release|Any CPU
		{3C82FB5B-0A34-4257-9C61-55B8CD3B78C8}.Release|x86.ActiveCfg = Release|Any CPU
		{3C82FB5B-0A34-4257-9C61-55B8CD3B78C8}.Release|x86.Build.0 = Release|Any CPU
		{AA713089-7876-4F57-B060-1070580B78E1}.Debug|Any CPU.ActiveCfg = Debug|Any CPU
		{AA713089-7876-4F57-B060-1070580B78E1}.Debug|Any CPU.Build.0 = Debug|Any CPU
		{AA713089-7876-4F57-B060-1070580B78E1}.Debug|x64.ActiveCfg = Debug|Any CPU
		{AA713089-7876-4F57-B060-1070580B78E1}.Debug|x64.Build.0 = Debug|Any CPU
		{AA713089-7876-4F57-B060-1070580B78E1}.Debug|x86.ActiveCfg = Debug|Any CPU
		{AA713089-7876-4F57-B060-1070580B78E1}.Debug|x86.Build.0 = Debug|Any CPU
		{AA713089-7876-4F57-B060-1070580B78E1}.Release|Any CPU.ActiveCfg = Release|Any CPU
		{AA713089-7876-4F57-B060-1070580B78E1}.Release|Any CPU.Build.0 = Release|Any CPU
		{AA713089-7876-4F57-B060-1070580B78E1}.Release|x64.ActiveCfg = Release|Any CPU
		{AA713089-7876-4F57-B060-1070580B78E1}.Release|x64.Build.0 = Release|Any CPU
		{AA713089-7876-4F57-B060-1070580B78E1}.Release|x86.ActiveCfg = Release|Any CPU
		{AA713089-7876-4F57-B060-1070580B78E1}.Release|x86.Build.0 = Release|Any CPU
		{35B7F39F-9289-45B1-B52A-5A0CCB0CF122}.Debug|Any CPU.ActiveCfg = Debug|Any CPU
		{35B7F39F-9289-45B1-B52A-5A0CCB0CF122}.Debug|Any CPU.Build.0 = Debug|Any CPU
		{35B7F39F-9289-45B1-B52A-5A0CCB0CF122}.Debug|x64.ActiveCfg = Debug|Any CPU
		{35B7F39F-9289-45B1-B52A-5A0CCB0CF122}.Debug|x64.Build.0 = Debug|Any CPU
		{35B7F39F-9289-45B1-B52A-5A0CCB0CF122}.Debug|x86.ActiveCfg = Debug|Any CPU
		{35B7F39F-9289-45B1-B52A-5A0CCB0CF122}.Debug|x86.Build.0 = Debug|Any CPU
		{35B7F39F-9289-45B1-B52A-5A0CCB0CF122}.Release|Any CPU.ActiveCfg = Release|Any CPU
		{35B7F39F-9289-45B1-B52A-5A0CCB0CF122}.Release|Any CPU.Build.0 = Release|Any CPU
		{35B7F39F-9289-45B1-B52A-5A0CCB0CF122}.Release|x64.ActiveCfg = Release|Any CPU
		{35B7F39F-9289-45B1-B52A-5A0CCB0CF122}.Release|x64.Build.0 = Release|Any CPU
		{35B7F39F-9289-45B1-B52A-5A0CCB0CF122}.Release|x86.ActiveCfg = Release|Any CPU
		{35B7F39F-9289-45B1-B52A-5A0CCB0CF122}.Release|x86.Build.0 = Release|Any CPU
	EndGlobalSection
	GlobalSection(SolutionProperties) = preSolution
		HideSolutionNode = FALSE
	EndGlobalSection
	GlobalSection(NestedProjects) = preSolution
		{DB50DD82-4168-4CF4-9F58-DBC3B951B9B5} = {827E0CD3-B72D-47B6-A68D-7590B98EB39B}
		{A69CD62F-87AB-4B2A-80A1-CB3665613F26} = {827E0CD3-B72D-47B6-A68D-7590B98EB39B}
		{48106B62-4886-4CBD-933E-66BC15CD1A2A} = {827E0CD3-B72D-47B6-A68D-7590B98EB39B}
		{38DB8914-3AB2-4484-AE2F-B281397F1719} = {827E0CD3-B72D-47B6-A68D-7590B98EB39B}
		{3C82FB5B-0A34-4257-9C61-55B8CD3B78C8} = {827E0CD3-B72D-47B6-A68D-7590B98EB39B}
		{AA713089-7876-4F57-B060-1070580B78E1} = {0AB3BF05-4346-4AA6-1389-037BE0695223}
		{35B7F39F-9289-45B1-B52A-5A0CCB0CF122} = {0AB3BF05-4346-4AA6-1389-037BE0695223}
	EndGlobalSection
EndGlobal
